{
  "requires": true,
  "lockfileVersion": 1,
  "dependencies": {
    "@popmotion/easing": {
      "version": "1.0.2",
      "resolved": "https://registry.npmjs.org/@popmotion/easing/-/easing-1.0.2.tgz",
      "integrity": "sha512-IkdW0TNmRnWTeWI7aGQIVDbKXPWHVEYdGgd5ZR4SH/Ty/61p63jCjrPxX1XrR7IGkl08bjhJROStD7j+RKgoIw=="
    },
    "@popmotion/popcorn": {
      "version": "0.4.4",
      "resolved": "https://registry.npmjs.org/@popmotion/popcorn/-/popcorn-0.4.4.tgz",
      "integrity": "sha512-jYO/8319fKoNLMlY4ZJPiPu8Ea8occYwRZhxpaNn/kZsK4QG2E7XFlXZMJBsTWDw7I1i0uaqyC4zn1nwEezLzg==",
      "requires": {
        "@popmotion/easing": "^1.0.1",
        "framesync": "^4.0.1",
        "hey-listen": "^1.0.8",
        "style-value-types": "^3.1.7",
        "tslib": "^1.10.0"
      }
    },
    "framesync": {
      "version": "4.0.4",
      "resolved": "https://registry.npmjs.org/framesync/-/framesync-4.0.4.tgz",
      "integrity": "sha512-mdP0WvVHe0/qA62KG2LFUAOiWLng5GLpscRlwzBxu2VXOp6B8hNs5C5XlFigsMgrfDrr2YbqTsgdWZTc4RXRMQ==",
      "requires": {
        "hey-listen": "^1.0.8",
        "tslib": "^1.10.0"
      }
    },
    "hey-listen": {
      "version": "1.0.8",
      "resolved": "https://registry.npmjs.org/hey-listen/-/hey-listen-1.0.8.tgz",
      "integrity": "sha512-COpmrF2NOg4TBWUJ5UVyaCU2A88wEMkUPK4hNqyCkqHbxT92BbvfjoSozkAIIm6XhicGlJHhFdullInrdhwU8Q=="
    },
    "ometa": {
      "version": "0.2.2",
      "resolved": "https://registry.npmjs.org/ometa/-/ometa-0.2.2.tgz",
      "integrity": "sha1-9TxHNbptVq9aRrBN+3xDNMWW1E4="
    },
    "popmotion": {
      "version": "8.7.3",
      "resolved": "https://registry.npmjs.org/popmotion/-/popmotion-8.7.3.tgz",
      "integrity": "sha512-OcpS/V9sCJjrKiVfp3JB5kp5SBqefZ4RvM9GBLYgv0YbULxv9S5METP9ueVJxSClR3yrfFEY2pLWTWKLn/EUfg==",
      "requires": {
        "@popmotion/easing": "^1.0.1",
        "@popmotion/popcorn": "^0.4.4",
        "framesync": "^4.0.0",
        "hey-listen": "^1.0.5",
        "style-value-types": "^3.1.7",
        "stylefire": "^7.0.1",
        "tslib": "^1.10.0"
      }
    },
    "scss": {
      "version": "0.2.4",
      "resolved": "https://registry.npmjs.org/scss/-/scss-0.2.4.tgz",
      "integrity": "sha1-BA2QPtN8XU+krTOuH9OJrBKk4GU=",
      "requires": {
        "ometa": "0.2.2"
      }
    },
    "style-value-types": {
      "version": "3.1.7",
      "resolved": "https://registry.npmjs.org/style-value-types/-/style-value-types-3.1.7.tgz",
      "integrity": "sha512-jPaG5HcAPs3vetSwOJozrBXxuHo9tjZVnbRyBjxqb00c2saIoeuBJc1/2MtvB8eRZy41u/BBDH0CpfzWixftKg==",
      "requires": {
        "hey-listen": "^1.0.8",
        "tslib": "^1.10.0"
      }
    },
    "stylefire": {
      "version": "7.0.3",
      "resolved": "https://registry.npmjs.org/stylefire/-/stylefire-7.0.3.tgz",
      "integrity": "sha512-Q0l7NSeFz/OkX+o6/7Zg3VZxSAZeQzQpYomWmIpOehFM/rJNMSLVX5fgg6Q48ut2ETNKwdhm97mPNU643EBCoQ==",
      "requires": {
        "@popmotion/popcorn": "^0.4.4",
        "framesync": "^4.0.0",
        "hey-listen": "^1.0.8",
        "style-value-types": "^3.1.7",
        "tslib": "^1.10.0"
      }
    },
    "tslib": {
      "version": "1.13.0",
      "resolved": "https://registry.npmjs.org/tslib/-/tslib-1.13.0.tgz",
      "integrity": "sha512-i/6DQjL8Xf3be4K/E6Wgpekn5Qasl1usyw++dAA35Ue5orEn65VIxOA+YvNNl9HV3qv70T7CNwjODHZrLwvd1Q=="
    }
  }
}
